PODS:
  - Flutter (1.0.0)
  - flutter_ble_lib (2.3.2):
    - Flutter
    - MultiplatformBleAdapter (~> 0.1.8)
  - MultiplatformBleAdapter (0.1.9)

DEPENDENCIES:
  - Flutter (from `Flutter`)
  - flutter_ble_lib (from `.symlinks/plugins/flutter_ble_lib/ios`)

SPEC REPOS:
  trunk:
    - MultiplatformBleAdapter

EXTERNAL SOURCES:
  Flutter:
    :path: Flutter
  flutter_ble_lib:
    :path: ".symlinks/plugins/flutter_ble_lib/ios"

SPEC CHECKSUMS:
  Flutter: 50d75fe2f02b26cc09d224853bb45737f8b3214a
  flutter_ble_lib: 675f6ceaa6cd6a675bba408b705042458a782101
  MultiplatformBleAdapter: 5a6a897b006764392f9cef785e4360f54fb9477d

PODFILE CHECKSUM: aafe91acc616949ddb318b77800a7f51bffa2a4c

COCOAPODS: 1.11.3
